// !$*UTF8*$!
{
	archiveVersion = 1;
	classes = {
	};
	objectVersion = 46;
	objects = {

/* Begin PBXBuildFile section */
		82824C741E64448B0091F6CF /* AppDelegate.swift in Sources */ = {isa = PBXBuildFile; fileRef = 82824C731E64448B0091F6CF /* AppDelegate.swift */; };
		82824C761E64448B0091F6CF /* ViewController.swift in Sources */ = {isa = PBXBuildFile; fileRef = 82824C751E64448B0091F6CF /* ViewController.swift */; };
		82824C791E64448C0091F6CF /* Main.storyboard in Resources */ = {isa = PBXBuildFile; fileRef = 82824C771E64448C0091F6CF /* Main.storyboard */; };
		82824C7B1E64448C0091F6CF /* Assets.xcassets in Resources */ = {isa = PBXBuildFile; fileRef = 82824C7A1E64448C0091F6CF /* Assets.xcassets */; };
		82824C7E1E64448C0091F6CF /* LaunchScreen.storyboard in Resources */ = {isa = PBXBuildFile; fileRef = 82824C7C1E64448C0091F6CF /* LaunchScreen.storyboard */; };
		8282AB411E6C693300D8FCFD /* RestaurantCollectionViewCell.swift in Sources */ = {isa = PBXBuildFile; fileRef = 8282AB3F1E6C693300D8FCFD /* RestaurantCollectionViewCell.swift */; };
		8282AB421E6C693300D8FCFD /* RestaurantCollectionViewCell.xib in Resources */ = {isa = PBXBuildFile; fileRef = 8282AB401E6C693300D8FCFD /* RestaurantCollectionViewCell.xib */; };
/* End PBXBuildFile section */

/* Begin PBXFileReference section */
		82824C701E64448B0091F6CF /* CollectionViewChatDemo.app */ = {isa = PBXFileReference; explicitFileType = wrapper.application; includeInIndex = 0; path = CollectionViewChatDemo.app; sourceTree = BUILT_PRODUCTS_DIR; };
		82824C731E64448B0091F6CF /* AppDelegate.swift */ = {isa = PBXFileReference; lastKnownFileType = sourcecode.swift; path = AppDelegate.swift; sourceTree = "<group>"; };
		82824C751E64448B0091F6CF /* ViewController.swift */ = {isa = PBXFileReference; lastKnownFileType = sourcecode.swift; path = ViewController.swift; sourceTree = "<group>"; };
		82824C781E64448C0091F6CF /* Base */ = {isa = PBXFileReference; lastKnownFileType = file.storyboard; name = Base; path = Base.lproj/Main.storyboard; sourceTree = "<group>"; };
		82824C7A1E64448C0091F6CF /* Assets.xcassets */ = {isa = PBXFileReference; lastKnownFileType = folder.assetcatalog; path = Assets.xcassets; sourceTree = "<group>"; };
		82824C7D1E64448C0091F6CF /* Base */ = {isa = PBXFileReference; lastKnownFileType = file.storyboard; name = Base; path = Base.lproj/LaunchScreen.storyboard; sourceTree = "<group>"; };
		82824C7F1E64448C0091F6CF /* Info.plist */ = {isa = PBXFileReference; lastKnownFileType = text.plist.xml; path = Info.plist; sourceTree = "<group>"; };
		8282AB3F1E6C693300D8FCFD /* RestaurantCollectionViewCell.swift */ = {isa = PBXFileReference; fileEncoding = 4; lastKnownFileType = sourcecode.swift; path = RestaurantCollectionViewCell.swift; sourceTree = "<group>"; };
		8282AB401E6C693300D8FCFD /* RestaurantCollectionViewCell.xib */ = {isa = PBXFileReference; fileEncoding = 4; lastKnownFileType = file.xib; path = RestaurantCollectionViewCell.xib; sourceTree = "<group>"; };
/* End PBXFileReference section */

/* Begin PBXFrameworksBuildPhase section */
		82824C6D1E64448A0091F6CF /* Frameworks */ = {
			isa = PBXFrameworksBuildPhase;
			buildActionMask = 2147483647;
			files = (
			);
			runOnlyForDeploymentPostprocessing = 0;
		};
/* End PBXFrameworksBuildPhase section */

/* Begin PBXGroup section */
		82824C671E64448A0091F6CF = {
			isa = PBXGroup;
			children = (
				82824C721E64448B0091F6CF /* CollectionViewChatDemo */,
				82824C711E64448B0091F6CF /* Products */,
			);
			sourceTree = "<group>";
		};
		82824C711E64448B0091F6CF /* Products */ = {
			isa = PBXGroup;
			children = (
				82824C701E64448B0091F6CF /* CollectionViewChatDemo.app */,
			);
			name = Products;
			sourceTree = "<group>";
		};
		82824C721E64448B0091F6CF /* CollectionViewChatDemo */ = {
			isa = PBXGroup;
			children = (
				82824C771E64448C0091F6CF /* Main.storyboard */,
				82824C751E64448B0091F6CF /* ViewController.swift */,
				8282AB431E6C694B00D8FCFD /* Other */,
				8282AB441E6C695700D8FCFD /* Restaurant Cell */,
			);
			path = CollectionViewChatDemo;
			sourceTree = "<group>";
		};
		8282AB431E6C694B00D8FCFD /* Other */ = {
			isa = PBXGroup;
			children = (
				82824C731E64448B0091F6CF /* AppDelegate.swift */,
				82824C7A1E64448C0091F6CF /* Assets.xcassets */,
				82824C7C1E64448C0091F6CF /* LaunchScreen.storyboard */,
				82824C7F1E64448C0091F6CF /* Info.plist */,
			);
			name = Other;
			sourceTree = "<group>";
		};
		8282AB441E6C695700D8FCFD /* Restaurant Cell */ = {
			isa = PBXGroup;
			children = (
				8282AB3F1E6C693300D8FCFD /* RestaurantCollectionViewCell.swift */,
				8282AB401E6C693300D8FCFD /* RestaurantCollectionViewCell.xib */,
			);
			name = "Restaurant Cell";
			sourceTree = "<group>";
		};
/* End PBXGroup section */

/* Begin PBXNativeTarget section */
		82824C6F1E64448A0091F6CF /* CollectionViewChatDemo */ = {
			isa = PBXNativeTarget;
			buildConfigurationList = 82824C821E64448C0091F6CF /* Build configuration list for PBXNativeTarget "CollectionViewChatDemo" */;
			buildPhases = (
				82824C6C1E64448A0091F6CF /* Sources */,
				82824C6D1E64448A0091F6CF /* Frameworks */,
				82824C6E1E64448A0091F6CF /* Resources */,
			);
			buildRules = (
			);
			dependencies = (
			);
			name = CollectionViewChatDemo;
			productName = CollectionViewChatDemo;
			productReference = 82824C701E64448B0091F6CF /* CollectionViewChatDemo.app */;
			productType = "com.apple.product-type.application";
		};
/* End PBXNativeTarget section */

/* Begin PBXProject section */
		82824C681E64448A0091F6CF /* Project object */ = {
			isa = PBXProject;
			attributes = {
				LastSwiftUpdateCheck = 0800;
				LastUpgradeCheck = 0800;
				ORGANIZATIONNAME = "Vadim Drobinin";
				TargetAttributes = {
					82824C6F1E64448A0091F6CF = {
						CreatedOnToolsVersion = 8.0;
						DevelopmentTeam = X72G5VQBS8;
						ProvisioningStyle = Automatic;
					};
				};
			};
			buildConfigurationList = 82824C6B1E64448A0091F6CF /* Build configuration list for PBXProject "CollectionViewChatDemo" */;
			compatibilityVersion = "Xcode 3.2";
			developmentRegion = English;
			hasScannedForEncodings = 0;
			knownRegions = (
				en,
				Base,
			);
			mainGroup = 82824C671E64448A0091F6CF;
			productRefGroup = 82824C711E64448B0091F6CF /* Products */;
			projectDirPath = "";
			projectRoot = "";
			targets = (
				82824C6F1E64448A0091F6CF /* CollectionViewChatDemo */,
			);
		};
/* End PBXProject section */

/* Begin PBXResourcesBuildPhase section */
		82824C6E1E64448A0091F6CF /* Resources */ = {
			isa = PBXResourcesBuildPhase;
			buildActionMask = 2147483647;
			files = (
				82824C7E1E64448C0091F6CF /* LaunchScreen.storyboard in Resources */,
				82824C7B1E64448C0091F6CF /* Assets.xcassets in Resources */,
				8282AB421E6C693300D8FCFD /* RestaurantCollectionViewCell.xib in Resources */,
				82824C791E64448C0091F6CF /* Main.storyboard in Resources */,
			);
			runOnlyForDeploymentPostprocessing = 0;
		};
/* End PBXResourcesBuildPhase section */

/* Begin PBXSourcesBuildPhase section */
		82824C6C1E64448A0091F6CF /* Sources */ = {
			isa = PBXSourcesBuildPhase;
			buildActionMask = 2147483647;
			files = (
				8282AB411E6C693300D8FCFD /* RestaurantCollectionViewCell.swift in Sources */,
				82824C761E64448B0091F6CF /* ViewController.swift in Sources */,
				82824C741E64448B0091F6CF /* AppDelegate.swift in Sources */,
			);
			runOnlyForDeploymentPostprocessing = 0;
		};
/* End PBXSourcesBuildPhase section */

/* Begin PBXVariantGroup section */
		82824C771E64448C0091F6CF /* Main.storyboard */ = {
			isa = PBXVariantGroup;
			children = (
				82824C781E64448C0091F6CF /* Base */,
			);
			name = Main.storyboard;
			sourceTree = "<group>";
		};
		82824C7C1E64448C0091F6CF /* LaunchScreen.storyboard */ = {
			isa = PBXVariantGroup;
			children = (
				82824C7D1E64448C0091F6CF /* Base */,
			);
			name = LaunchScreen.storyboard;
			sourceTree = "<group>";
		};
/* End PBXVariantGroup section */

/* Begin XCBuildConfiguration section */
		82824C801E64448C0091F6CF /* Debug */ = {
			isa = XCBuildConfiguration;
			buildSettings = {
				ALWAYS_SEARCH_USER_PATHS = NO;
				CLANG_ANALYZER_NONNULL = YES;
				CLANG_CXX_LANGUAGE_STANDARD = "gnu++0x";
				CLANG_CXX_LIBRARY = "libc++";
				CLANG_ENABLE_MODULES = YES;
				CLANG_ENABLE_OBJC_ARC = YES;
				CLANG_WARN_BOOL_CONVERSION = YES;
				CLANG_WARN_CONSTANT_CONVERSION = YES;
				CLANG_WARN_DIRECT_OBJC_ISA_USAGE = YES_ERROR;
				CLANG_WARN_DOCUMENTATION_COMMENTS = YES;
				CLANG_WARN_EMPTY_BODY = YES;
				CLANG_WARN_ENUM_CONVERSION = YES;
				CLANG_WARN_INFINITE_RECURSION = YES;
				CLANG_WARN_INT_CONVERSION = YES;
				CLANG_WARN_OBJC_ROOT_CLASS = YES_ERROR;
				CLANG_WARN_SUSPICIOUS_MOVES = YES;
				CLANG_WARN_UNREACHABLE_CODE = YES;
				CLANG_WARN__DUPLICATE_METHOD_MATCH = YES;
				"CODE_SIGN_IDENTITY[sdk=iphoneos*]" = "iPhone Developer";
				COPY_PHASE_STRIP = NO;
				DEBUG_INFORMATION_FORMAT = dwarf;
				ENABLE_STRICT_OBJC_MSGSEND = YES;
				ENABLE_TESTABILITY = YES;
				GCC_C_LANGUAGE_STANDARD = gnu99;
				GCC_DYNAMIC_NO_PIC = NO;
				GCC_NO_COMMON_BLOCKS = YES;
				GCC_OPTIMIZATION_LEVEL = 0;
				GCC_PREPROCESSOR_DEFINITIONS = (
					"DEBUG=1",
					"$(inherited)",
				);
				GCC_WARN_64_TO_32_BIT_CONVERSION = YES;
				GCC_WARN_ABOUT_RETURN_TYPE = YES_ERROR;
				GCC_WARN_UNDECLARED_SELECTOR = YES;
				GCC_WARN_UNINITIALIZED_AUTOS = YES_AGGRESSIVE;
				GCC_WARN_UNUSED_FUNCTION = YES;
				GCC_WARN_UNUSED_VARIABLE = YES;
				IPHONEOS_DEPLOYMENT_TARGET = 10.0;
				MTL_ENABLE_DEBUG_INFO = YES;
				ONLY_ACTIVE_ARCH = YES;
				SDKROOT = iphoneos;
				SWIFT_ACTIVE_COMPILATION_CONDITIONS = DEBUG;
				SWIFT_OPTIMIZATION_LEVEL = "-Onone";
				TARGETED_DEVICE_FAMILY = "1,2";
			};
			name = Debug;
		};
		82824C811E64448C0091F6CF /* Release */ = {
			isa = XCBuildConfiguration;
			buildSettings = {
				ALWAYS_SEARCH_USER_PATHS = NO;
				CLANG_ANALYZER_NONNULL = YES;
				CLANG_CXX_LANGUAGE_STANDARD = "gnu++0x";
				CLANG_CXX_LIBRARY = "libc++";
				CLANG_ENABLE_MODULES = YES;
				CLANG_ENABLE_OBJC_ARC = YES;
				CLANG_WARN_BOOL_CONVERSION = YES;
				CLANG_WARN_CONSTANT_CONVERSION = YES;
				CLANG_WARN_DIRECT_OBJC_ISA_USAGE = YES_ERROR;
				CLANG_WARN_DOCUMENTATION_COMMENTS = YES;
				CLANG_WARN_EMPTY_BODY = YES;
				CLANG_WARN_ENUM_CONVERSION = YES;
				CLANG_WARN_INFINITE_RECURSION = YES;
				CLANG_WARN_INT_CONVERSION = YES;
				CLANG_WARN_OBJC_ROOT_CLASS = YES_ERROR;
				CLANG_WARN_SUSPICIOUS_MOVES = YES;
				CLANG_WARN_UNREACHABLE_CODE = YES;
				CLANG_WARN__DUPLICATE_METHOD_MATCH = YES;
				"CODE_SIGN_IDENTITY[sdk=iphoneos*]" = "iPhone Developer";
				COPY_PHASE_STRIP = NO;
				DEBUG_INFORMATION_FORMAT = "dwarf-with-dsym";
				ENABLE_NS_ASSERTIONS = NO;
				ENABLE_STRICT_OBJC_MSGSEND = YES;
				GCC_C_LANGUAGE_STANDARD = gnu99;
				GCC_NO_COMMON_BLOCKS = YES;
				GCC_WARN_64_TO_32_BIT_CONVERSION = YES;
				GCC_WARN_ABOUT_RETURN_TYPE = YES_ERROR;
				GCC_WARN_UNDECLARED_SELECTOR = YES;
				GCC_WARN_UNINITIALIZED_AUTOS = YES_AGGRESSIVE;
				GCC_WARN_UNUSED_FUNCTION = YES;
				GCC_WARN_UNUSED_VARIABLE = YES;
				IPHONEOS_DEPLOYMENT_TARGET = 10.0;
				MTL_ENABLE_DEBUG_INFO = NO;
				SDKROOT = iphoneos;
				SWIFT_OPTIMIZATION_LEVEL = "-Owholemodule";
				TARGETED_DEVICE_FAMILY = "1,2";
				VALIDATE_PRODUCT = YES;
			};
			name = Release;
		};
		82824C831E64448C0091F6CF /* Debug */ = {
			isa = XCBuildConfiguration;
			buildSettings = {
				ASSETCATALOG_COMPILER_APPICON_NAME = AppIcon;
				DEVELOPMENT_TEAM = X72G5VQBS8;
				INFOPLIST_FILE = CollectionViewChatDemo/Info.plist;
				LD_RUNPATH_SEARCH_PATHS = "$(inherited) @executable_path/Frameworks";
				PRODUCT_BUNDLE_IDENTIFIER = com.drobinin.CollectionViewChatDemo;
				PRODUCT_NAME = "$(TARGET_NAME)";
				SWIFT_VERSION = 3.0;
			};
			name = Debug;
		};
		82824C841E64448C0091F6CF /* Release */ = {
			isa = XCBuildConfiguration;
			buildSettings = {
				ASSETCATALOG_COMPILER_APPICON_NAME = AppIcon;
				DEVELOPMENT_TEAM = X72G5VQBS8;
				INFOPLIST_FILE = CollectionViewChatDemo/Info.plist;
				LD_RUNPATH_SEARCH_PATHS = "$(inherited) @executable_path/Frameworks";
				PRODUCT_BUNDLE_IDENTIFIER = com.drobinin.CollectionViewChatDemo;
				PRODUCT_NAME = "$(TARGET_NAME)";
				SWIFT_VERSION = 3.0;
			};
			name = Release;
		};
/* End XCBuildConfiguration section */

/* Begin XCConfigurationList section */
		82824C6B1E64448A0091F6CF /* Build configuration list for PBXProject "CollectionViewChatDemo" */ = {
			isa = XCConfigurationList;
			buildConfigurations = (
				82824C801E64448C0091F6CF /* Debug */,
				82824C811E64448C0091F6CF /* Release */,
			);
			defaultConfigurationIsVisible = 0;
			defaultConfigurationName = Release;
		};
		82824C821E64448C0091F6CF /* Build configuration list for PBXNativeTarget "CollectionViewChatDemo" */ = {
			isa = XCConfigurationList;
			buildConfigurations = (
				82824C831E64448C0091F6CF /* Debug */,
				82824C841E64448C0091F6CF /* Release */,
			);
			defaultConfigurationIsVisible = 0;
			defaultConfigurationName = Release;
		};
/* End XCConfigurationList section */
	};
	rootObject = 82824C681E64448A0091F6CF /* Project object */;
}
